<?xml version="1.0" encoding="utf-8"?>
<Project ToolsVersion="4.0" xmlns="http://schemas.microsoft.com/developer/msbuild/2003">
  <ItemGroup>
    <Filter Include="源文件">
      <UniqueIdentifier>{4FC737F1-C7A5-4376-A066-2A32D752A2FF}</UniqueIdentifier>
      <Extensions>cpp;c;cc;cxx;def;odl;idl;hpj;bat;asm;asmx</Extensions>
    </Filter>
    <Filter Include="头文件">
      <UniqueIdentifier>{93995380-89BD-4b04-88EB-625FBE52EBFB}</UniqueIdentifier>
      <Extensions>h;hpp;hxx;hm;inl;inc;xsd</Extensions>
    </Filter>
    <Filter Include="资源文件">
      <UniqueIdentifier>{67DA6AB6-F800-4c08-8B7A-83BB121AAD01}</UniqueIdentifier>
      <Extensions>rc;ico;cur;bmp;dlg;rc2;rct;bin;rgs;gif;jpg;jpeg;jpe;resx;tiff;tif;png;wav;mfcribbon-ms</Extensions>
    </Filter>
    <Filter Include="CommonDefine">
      <UniqueIdentifier>{3b47410f-43c0-4ea0-9f8c-e080c817497b}</UniqueIdentifier>
    </Filter>
    <Filter Include="Plantform">
      <UniqueIdentifier>{ae1c93ea-2da8-4d70-a93c-7f73918d25f6}</UniqueIdentifier>
    </Filter>
    <Filter Include="Plantform\Header Files">
      <UniqueIdentifier>{a15b9ae5-e1a7-4c56-8a71-a139c78b25dd}</UniqueIdentifier>
    </Filter>
    <Filter Include="Plantform\Source Files">
      <UniqueIdentifier>{2c1e435f-d944-45ba-8112-762de993b788}</UniqueIdentifier>
    </Filter>
    <Filter Include="Time">
      <UniqueIdentifier>{2af38ffd-2cdc-432b-9066-087d71760fa7}</UniqueIdentifier>
    </Filter>
    <Filter Include="Time\Header Files">
      <UniqueIdentifier>{6bf3d936-c02a-431c-8f9e-79d873c1b162}</UniqueIdentifier>
    </Filter>
    <Filter Include="Time\Source Files">
      <UniqueIdentifier>{d11a751d-f0f6-4f4e-af3b-e8378a77be3a}</UniqueIdentifier>
    </Filter>
    <Filter Include="Net">
      <UniqueIdentifier>{1fe47517-0c25-42a7-ad0a-3b38aaf3ace9}</UniqueIdentifier>
    </Filter>
    <Filter Include="Net\Header Files">
      <UniqueIdentifier>{7472ac48-b6ec-40ed-b2bc-5e21b2aa0f1d}</UniqueIdentifier>
    </Filter>
    <Filter Include="Net\Source Files">
      <UniqueIdentifier>{96157fa6-85db-44df-9663-b09fab6fff50}</UniqueIdentifier>
    </Filter>
  </ItemGroup>
  <ItemGroup>
    <Text Include="ReadMe.txt" />
  </ItemGroup>
  <ItemGroup>
    <ClInclude Include="DBase.h">
      <Filter>CommonDefine</Filter>
    </ClInclude>
    <ClInclude Include="DErrorDefine.h">
      <Filter>CommonDefine</Filter>
    </ClInclude>
    <ClInclude Include="DErrorNetWorkDefine.h">
      <Filter>CommonDefine</Filter>
    </ClInclude>
    <ClInclude Include="DPlantform.h">
      <Filter>CommonDefine</Filter>
    </ClInclude>
    <ClInclude Include="DTypeDefine.h">
      <Filter>CommonDefine</Filter>
    </ClInclude>
    <ClInclude Include="DUtility.h">
      <Filter>CommonDefine</Filter>
    </ClInclude>
    <ClInclude Include="DOSFile.h">
      <Filter>Plantform\Header Files</Filter>
    </ClInclude>
    <ClInclude Include="DOSLock.h">
      <Filter>Plantform\Header Files</Filter>
    </ClInclude>
    <ClInclude Include="DTimeStamp.h">
      <Filter>Time\Header Files</Filter>
    </ClInclude>
    <ClInclude Include="DTimeSpan.h">
      <Filter>Time\Header Files</Filter>
    </ClInclude>
    <ClInclude Include="DDateTime.h">
      <Filter>Time\Header Files</Filter>
    </ClInclude>
    <ClInclude Include="DOSProcess.h">
      <Filter>Plantform\Header Files</Filter>
    </ClInclude>
    <ClInclude Include="DOSMemory.h">
      <Filter>Plantform\Header Files</Filter>
    </ClInclude>
    <ClInclude Include="DOSSemaphore.h">
      <Filter>Plantform\Source Files</Filter>
    </ClInclude>
    <ClInclude Include="DOSShareMemory.h">
      <Filter>Plantform\Header Files</Filter>
    </ClInclude>
    <ClInclude Include="DOSThread.h">
      <Filter>Plantform\Header Files</Filter>
    </ClInclude>
    <ClInclude Include="DInetAddress.h">
      <Filter>Net\Header Files</Filter>
    </ClInclude>
    <ClInclude Include="DOSSocket.h">
      <Filter>Plantform\Header Files</Filter>
    </ClInclude>
    <ClInclude Include="DTimeZone.h">
      <Filter>Time\Header Files</Filter>
    </ClInclude>
  </ItemGroup>
  <ItemGroup>
    <ClCompile Include="DOSFile.cpp">
      <Filter>Plantform\Source Files</Filter>
    </ClCompile>
    <ClCompile Include="DOSLock.cpp">
      <Filter>Plantform\Source Files</Filter>
    </ClCompile>
    <ClCompile Include="DTimeStamp.cpp">
      <Filter>Time\Source Files</Filter>
    </ClCompile>
    <ClCompile Include="DTimeSpan.cpp">
      <Filter>Time\Source Files</Filter>
    </ClCompile>
    <ClCompile Include="DDateTime.cpp">
      <Filter>Time\Source Files</Filter>
    </ClCompile>
    <ClCompile Include="DOSSemaphore.cpp">
      <Filter>Plantform\Source Files</Filter>
    </ClCompile>
    <ClCompile Include="DOSShareMemory.cpp">
      <Filter>Plantform\Source Files</Filter>
    </ClCompile>
    <ClCompile Include="DInetAddress.cpp">
      <Filter>Net\Source Files</Filter>
    </ClCompile>
    <ClCompile Include="DOSSocket.cpp">
      <Filter>Plantform\Source Files</Filter>
    </ClCompile>
    <ClCompile Include="DTimeZone.cpp">
      <Filter>Time\Source Files</Filter>
    </ClCompile>
  </ItemGroup>
</Project>