<?xml version="1.0" encoding="utf-8"?>
<Project ToolsVersion="4.0" xmlns="http://schemas.microsoft.com/developer/msbuild/2003">
  <ItemGroup>
    <Filter Include="源文件">
      <UniqueIdentifier>{4FC737F1-C7A5-4376-A066-2A32D752A2FF}</UniqueIdentifier>
      <Extensions>cpp;c;cc;cxx;def;odl;idl;hpj;bat;asm;asmx</Extensions>
    </Filter>
    <Filter Include="头文件">
      <UniqueIdentifier>{93995380-89BD-4b04-88EB-625FBE52EBFB}</UniqueIdentifier>
      <Extensions>h;hpp;hxx;hm;inl;inc;xsd</Extensions>
    </Filter>
    <Filter Include="资源文件">
      <UniqueIdentifier>{67DA6AB6-F800-4c08-8B7A-83BB121AAD01}</UniqueIdentifier>
      <Extensions>rc;ico;cur;bmp;dlg;rc2;rct;bin;rgs;gif;jpg;jpeg;jpe;resx;tiff;tif;png;wav;mfcribbon-ms</Extensions>
    </Filter>
    <Filter Include="CommonDefine">
      <UniqueIdentifier>{3b47410f-43c0-4ea0-9f8c-e080c817497b}</UniqueIdentifier>
    </Filter>
    <Filter Include="Plantform">
      <UniqueIdentifier>{ae1c93ea-2da8-4d70-a93c-7f73918d25f6}</UniqueIdentifier>
    </Filter>
    <Filter Include="Plantform\Header Files">
      <UniqueIdentifier>{a15b9ae5-e1a7-4c56-8a71-a139c78b25dd}</UniqueIdentifier>
    </Filter>
    <Filter Include="Plantform\Source Files">
      <UniqueIdentifier>{2c1e435f-d944-45ba-8112-762de993b788}</UniqueIdentifier>
    </Filter>
    <Filter Include="Time">
      <UniqueIdentifier>{2af38ffd-2cdc-432b-9066-087d71760fa7}</UniqueIdentifier>
    </Filter>
    <Filter Include="Time\Header Files">
      <UniqueIdentifier>{6bf3d936-c02a-431c-8f9e-79d873c1b162}</UniqueIdentifier>
    </Filter>
    <Filter Include="Time\Source Files">
      <UniqueIdentifier>{d11a751d-f0f6-4f4e-af3b-e8378a77be3a}</UniqueIdentifier>
    </Filter>
    <Filter Include="Net">
      <UniqueIdentifier>{1fe47517-0c25-42a7-ad0a-3b38aaf3ace9}</UniqueIdentifier>
    </Filter>
    <Filter Include="Net\Header Files">
      <UniqueIdentifier>{7472ac48-b6ec-40ed-b2bc-5e21b2aa0f1d}</UniqueIdentifier>
    </Filter>
    <Filter Include="Net\Source Files">
      <UniqueIdentifier>{96157fa6-85db-44df-9663-b09fab6fff50}</UniqueIdentifier>
    </Filter>
    <Filter Include="Log">
      <UniqueIdentifier>{d3824f08-4c94-4e82-a91a-07d796da94d6}</UniqueIdentifier>
    </Filter>
    <Filter Include="CommonFunc">
      <UniqueIdentifier>{d27528e2-6ddf-49c7-b20c-4e1f88a9ae91}</UniqueIdentifier>
    </Filter>
    <Filter Include="Log\Header Files">
      <UniqueIdentifier>{3c4132fa-983e-458f-beea-f1ee9e6a002e}</UniqueIdentifier>
    </Filter>
    <Filter Include="Log\Source Files">
      <UniqueIdentifier>{3c25555d-454b-4d28-8a91-5e8d7a57c108}</UniqueIdentifier>
    </Filter>
    <Filter Include="CommonFunc\Header Files">
      <UniqueIdentifier>{d84a4124-e116-49e4-9b6d-b79344a37ba7}</UniqueIdentifier>
    </Filter>
    <Filter Include="CommonFunc\Source Files">
      <UniqueIdentifier>{a70c8895-466c-45c4-bf5e-b5142a140fea}</UniqueIdentifier>
    </Filter>
    <Filter Include="File">
      <UniqueIdentifier>{8939c6f0-8efa-4c96-8e71-d6c8042231c6}</UniqueIdentifier>
    </Filter>
    <Filter Include="File\Header Files">
      <UniqueIdentifier>{6a606e1e-2f4f-432e-9443-9bb05e43305d}</UniqueIdentifier>
    </Filter>
    <Filter Include="File\Source Files">
      <UniqueIdentifier>{ec060bb9-498c-4a6f-bc7e-9648b332bded}</UniqueIdentifier>
    </Filter>
  </ItemGroup>
  <ItemGroup>
    <Text Include="ReadMe.txt" />
  </ItemGroup>
  <ItemGroup>
    <ClInclude Include="DBase.h">
      <Filter>CommonDefine</Filter>
    </ClInclude>
    <ClInclude Include="DErrorDefine.h">
      <Filter>CommonDefine</Filter>
    </ClInclude>
    <ClInclude Include="DErrorNetWorkDefine.h">
      <Filter>CommonDefine</Filter>
    </ClInclude>
    <ClInclude Include="DPlantform.h">
      <Filter>CommonDefine</Filter>
    </ClInclude>
    <ClInclude Include="DTypeDefine.h">
      <Filter>CommonDefine</Filter>
    </ClInclude>
    <ClInclude Include="DUtility.h">
      <Filter>CommonDefine</Filter>
    </ClInclude>
    <ClInclude Include="DOSFile.h">
      <Filter>Plantform\Header Files</Filter>
    </ClInclude>
    <ClInclude Include="DOSLock.h">
      <Filter>Plantform\Header Files</Filter>
    </ClInclude>
    <ClInclude Include="DTimeStamp.h">
      <Filter>Time\Header Files</Filter>
    </ClInclude>
    <ClInclude Include="DTimeSpan.h">
      <Filter>Time\Header Files</Filter>
    </ClInclude>
    <ClInclude Include="DDateTime.h">
      <Filter>Time\Header Files</Filter>
    </ClInclude>
    <ClInclude Include="DOSProcess.h">
      <Filter>Plantform\Header Files</Filter>
    </ClInclude>
    <ClInclude Include="DOSMemory.h">
      <Filter>Plantform\Header Files</Filter>
    </ClInclude>
    <ClInclude Include="DOSShareMemory.h">
      <Filter>Plantform\Header Files</Filter>
    </ClInclude>
    <ClInclude Include="DOSThread.h">
      <Filter>Plantform\Header Files</Filter>
    </ClInclude>
    <ClInclude Include="DInetAddress.h">
      <Filter>Net\Header Files</Filter>
    </ClInclude>
    <ClInclude Include="DOSSocket.h">
      <Filter>Plantform\Header Files</Filter>
    </ClInclude>
    <ClInclude Include="DTimeZone.h">
      <Filter>Time\Header Files</Filter>
    </ClInclude>
    <ClInclude Include="DOSSemaphore.h">
      <Filter>Plantform\Header Files</Filter>
    </ClInclude>
    <ClInclude Include="DTimeWatch.h">
      <Filter>Time\Header Files</Filter>
    </ClInclude>
    <ClInclude Include="DLocalDateTime.h">
      <Filter>Time\Header Files</Filter>
    </ClInclude>
    <ClInclude Include="DThreadMutex.h">
      <Filter>头文件</Filter>
    </ClInclude>
    <ClInclude Include="DFile.h">
      <Filter>File\Header Files</Filter>
    </ClInclude>
    <ClInclude Include="DFileImplFactory.h">
      <Filter>File\Header Files</Filter>
    </ClInclude>
    <ClInclude Include="DFileType.h">
      <Filter>File\Header Files</Filter>
    </ClInclude>
    <ClInclude Include="DRegularFileImpl.h">
      <Filter>File\Header Files</Filter>
    </ClInclude>
    <ClInclude Include="IDFileImpl.h">
      <Filter>File\Header Files</Filter>
    </ClInclude>
    <ClInclude Include="IDIOBase.h">
      <Filter>File\Header Files</Filter>
    </ClInclude>
    <ClInclude Include="DLogFile.h">
      <Filter>Log\Header Files</Filter>
    </ClInclude>
    <ClInclude Include="DMutexGuardT.h">
      <Filter>头文件</Filter>
    </ClInclude>
    <ClInclude Include="DShareVariantT.h">
      <Filter>头文件</Filter>
    </ClInclude>
    <ClInclude Include="DMutex.h">
      <Filter>头文件</Filter>
    </ClInclude>
    <ClInclude Include="DShareMemory.h">
      <Filter>头文件</Filter>
    </ClInclude>
    <ClInclude Include="DLogger.h">
      <Filter>头文件</Filter>
    </ClInclude>
    <ClInclude Include="DChannel.h">
      <Filter>头文件</Filter>
    </ClInclude>
    <ClInclude Include="DLogMessage.h">
      <Filter>头文件</Filter>
    </ClInclude>
    <ClInclude Include="DFormatter.h">
      <Filter>头文件</Filter>
    </ClInclude>
    <ClInclude Include="DTraceFormater.h">
      <Filter>头文件</Filter>
    </ClInclude>
    <ClInclude Include="DFileChannel.h">
      <Filter>头文件</Filter>
    </ClInclude>
    <ClInclude Include="DTraceDefine.h">
      <Filter>头文件</Filter>
    </ClInclude>
  </ItemGroup>
  <ItemGroup>
    <ClCompile Include="DOSFile.cpp">
      <Filter>Plantform\Source Files</Filter>
    </ClCompile>
    <ClCompile Include="DOSLock.cpp">
      <Filter>Plantform\Source Files</Filter>
    </ClCompile>
    <ClCompile Include="DTimeStamp.cpp">
      <Filter>Time\Source Files</Filter>
    </ClCompile>
    <ClCompile Include="DTimeSpan.cpp">
      <Filter>Time\Source Files</Filter>
    </ClCompile>
    <ClCompile Include="DDateTime.cpp">
      <Filter>Time\Source Files</Filter>
    </ClCompile>
    <ClCompile Include="DOSSemaphore.cpp">
      <Filter>Plantform\Source Files</Filter>
    </ClCompile>
    <ClCompile Include="DOSShareMemory.cpp">
      <Filter>Plantform\Source Files</Filter>
    </ClCompile>
    <ClCompile Include="DInetAddress.cpp">
      <Filter>Net\Source Files</Filter>
    </ClCompile>
    <ClCompile Include="DOSSocket.cpp">
      <Filter>Plantform\Source Files</Filter>
    </ClCompile>
    <ClCompile Include="DTimeZone.cpp">
      <Filter>Time\Source Files</Filter>
    </ClCompile>
    <ClCompile Include="DTimeWatch.cpp">
      <Filter>Time\Source Files</Filter>
    </ClCompile>
    <ClCompile Include="DLocalDateTime.cpp">
      <Filter>Time\Source Files</Filter>
    </ClCompile>
    <ClCompile Include="DFile.cpp">
      <Filter>File\Source Files</Filter>
    </ClCompile>
    <ClCompile Include="DFileImplFactory.cpp">
      <Filter>File\Source Files</Filter>
    </ClCompile>
    <ClCompile Include="DRegularFileImpl.cpp">
      <Filter>File\Source Files</Filter>
    </ClCompile>
    <ClCompile Include="DThreadMutex.cpp">
      <Filter>源文件</Filter>
    </ClCompile>
    <ClCompile Include="DLogFile.cpp">
      <Filter>Log\Source Files</Filter>
    </ClCompile>
    <ClCompile Include="DMutex.cpp">
      <Filter>源文件</Filter>
    </ClCompile>
    <ClCompile Include="DShareMemory.cpp">
      <Filter>源文件</Filter>
    </ClCompile>
    <ClCompile Include="DLogger.cpp">
      <Filter>源文件</Filter>
    </ClCompile>
    <ClCompile Include="DLogMessage.cpp">
      <Filter>源文件</Filter>
    </ClCompile>
    <ClCompile Include="DTraceFormater.cpp">
      <Filter>源文件</Filter>
    </ClCompile>
    <ClCompile Include="DFileChannel.cpp">
      <Filter>源文件</Filter>
    </ClCompile>
  </ItemGroup>
</Project>